
Microsoft Visual Studio Solution File, Format Version 12.00
# Visual Studio Version 16
VisualStudioVersion = 16.0.31205.134
MinimumVisualStudioVersion = 10.0.40219.1
Project("{FAE04EC0-301F-11D3-BF4B-00C04F79EFBC}") = "PizzaMais.Database.Migrador", "src\PizzaMais.Database.Migrador\PizzaMais.Database.Migrador.csproj", "{E4597EA3-0880-420B-8C37-CF52D064D641}"
EndProject
Global
	GlobalSection(SolutionConfigurationPlatforms) = preSolution
		Debug|Any CPU = Debug|Any CPU
		Release|Any CPU = Release|Any CPU
	EndGlobalSection
	GlobalSection(ProjectConfigurationPlatforms) = postSolution
		{E4597EA3-0880-420B-8C37-CF52D064D641}.Debug|Any CPU.ActiveCfg = Debug|Any CPU
		{E4597EA3-0880-420B-8C37-CF52D064D641}.Debug|Any CPU.Build.0 = Debug|Any CPU
		{E4597EA3-0880-420B-8C37-CF52D064D641}.Release|Any CPU.ActiveCfg = Release|Any CPU
		{E4597EA3-0880-420B-8C37-CF52D064D641}.Release|Any CPU.Build.0 = Release|Any CPU
	EndGlobalSection
	GlobalSection(SolutionProperties) = preSolution
		HideSolutionNode = FALSE
	EndGlobalSection
	GlobalSection(ExtensibilityGlobals) = postSolution
		SolutionGuid = {3F2ADDBE-1F40-44AB-827A-100E3B230CCF}
	EndGlobalSection
EndGlobal
